
Microsoft Visual Studio Solution File, Format Version 12.00
# Visual Studio Version 17
VisualStudioVersion = 17.12.35527.113
MinimumVisualStudioVersion = 10.0.40219.1
Project("{FAE04EC0-301F-11D3-BF4B-00C04F79EFBC}") = "ProviderHandlerAPI", "ProviderHandlerAPI\ProviderHandlerAPI.csproj", "{666BCA08-E593-4CEC-8327-CE1A7EE6C73B}"
EndProject
Project("{FAE04EC0-301F-11D3-BF4B-00C04F79EFBC}") = "TicimaxAPI", "TicimaxAPI\TicimaxAPI.csproj", "{5CBA942A-3ACC-4767-85E2-35F8649990A6}"
EndProject
Project("{FAE04EC0-301F-11D3-BF4B-00C04F79EFBC}") = "TsoftAPI", "TsoftAPI\TsoftAPI.csproj", "{19DF472D-60C2-400F-9397-5B33E5663532}"
EndProject
Project("{FAE04EC0-301F-11D3-BF4B-00C04F79EFBC}") = "IkasAPI", "IkasAPI\IkasAPI.csproj", "{C116DEFE-8376-4F0E-BC04-37A5A8ECADF5}"
EndProject
Project("{FAE04EC0-301F-11D3-BF4B-00C04F79EFBC}") = "Common.Kafka", "Common.Kafka\Common.Kafka.csproj", "{F01BCD4B-B818-49F7-BC4E-4240783869AD}"
EndProject
Project("{FAE04EC0-301F-11D3-BF4B-00C04F79EFBC}") = "KafkaConsumerWorkerService", "KafkaConsumerService\KafkaConsumerWorkerService.csproj", "{C32B9DEA-69AB-4AF6-B2E6-1AE861D1D30B}"
EndProject
Project("{FAE04EC0-301F-11D3-BF4B-00C04F79EFBC}") = "Common.Redis", "Common.Redis\Common.Redis.csproj", "{18E70EC3-6B57-40B5-9801-91EB20631304}"
EndProject
Global
	GlobalSection(SolutionConfigurationPlatforms) = preSolution
		Debug|Any CPU = Debug|Any CPU
		Release|Any CPU = Release|Any CPU
	EndGlobalSection
	GlobalSection(ProjectConfigurationPlatforms) = postSolution
		{666BCA08-E593-4CEC-8327-CE1A7EE6C73B}.Debug|Any CPU.ActiveCfg = Debug|Any CPU
		{666BCA08-E593-4CEC-8327-CE1A7EE6C73B}.Debug|Any CPU.Build.0 = Debug|Any CPU
		{666BCA08-E593-4CEC-8327-CE1A7EE6C73B}.Release|Any CPU.ActiveCfg = Release|Any CPU
		{666BCA08-E593-4CEC-8327-CE1A7EE6C73B}.Release|Any CPU.Build.0 = Release|Any CPU
		{5CBA942A-3ACC-4767-85E2-35F8649990A6}.Debug|Any CPU.ActiveCfg = Debug|Any CPU
		{5CBA942A-3ACC-4767-85E2-35F8649990A6}.Debug|Any CPU.Build.0 = Debug|Any CPU
		{5CBA942A-3ACC-4767-85E2-35F8649990A6}.Release|Any CPU.ActiveCfg = Release|Any CPU
		{5CBA942A-3ACC-4767-85E2-35F8649990A6}.Release|Any CPU.Build.0 = Release|Any CPU
		{19DF472D-60C2-400F-9397-5B33E5663532}.Debug|Any CPU.ActiveCfg = Debug|Any CPU
		{19DF472D-60C2-400F-9397-5B33E5663532}.Debug|Any CPU.Build.0 = Debug|Any CPU
		{19DF472D-60C2-400F-9397-5B33E5663532}.Release|Any CPU.ActiveCfg = Release|Any CPU
		{19DF472D-60C2-400F-9397-5B33E5663532}.Release|Any CPU.Build.0 = Release|Any CPU
		{C116DEFE-8376-4F0E-BC04-37A5A8ECADF5}.Debug|Any CPU.ActiveCfg = Debug|Any CPU
		{C116DEFE-8376-4F0E-BC04-37A5A8ECADF5}.Debug|Any CPU.Build.0 = Debug|Any CPU
		{C116DEFE-8376-4F0E-BC04-37A5A8ECADF5}.Release|Any CPU.ActiveCfg = Release|Any CPU
		{C116DEFE-8376-4F0E-BC04-37A5A8ECADF5}.Release|Any CPU.Build.0 = Release|Any CPU
		{F01BCD4B-B818-49F7-BC4E-4240783869AD}.Debug|Any CPU.ActiveCfg = Debug|Any CPU
		{F01BCD4B-B818-49F7-BC4E-4240783869AD}.Debug|Any CPU.Build.0 = Debug|Any CPU
		{F01BCD4B-B818-49F7-BC4E-4240783869AD}.Release|Any CPU.ActiveCfg = Release|Any CPU
		{F01BCD4B-B818-49F7-BC4E-4240783869AD}.Release|Any CPU.Build.0 = Release|Any CPU
		{C32B9DEA-69AB-4AF6-B2E6-1AE861D1D30B}.Debug|Any CPU.ActiveCfg = Debug|Any CPU
		{C32B9DEA-69AB-4AF6-B2E6-1AE861D1D30B}.Debug|Any CPU.Build.0 = Debug|Any CPU
		{C32B9DEA-69AB-4AF6-B2E6-1AE861D1D30B}.Release|Any CPU.ActiveCfg = Release|Any CPU
		{C32B9DEA-69AB-4AF6-B2E6-1AE861D1D30B}.Release|Any CPU.Build.0 = Release|Any CPU
		{18E70EC3-6B57-40B5-9801-91EB20631304}.Debug|Any CPU.ActiveCfg = Debug|Any CPU
		{18E70EC3-6B57-40B5-9801-91EB20631304}.Debug|Any CPU.Build.0 = Debug|Any CPU
		{18E70EC3-6B57-40B5-9801-91EB20631304}.Release|Any CPU.ActiveCfg = Release|Any CPU
		{18E70EC3-6B57-40B5-9801-91EB20631304}.Release|Any CPU.Build.0 = Release|Any CPU
	EndGlobalSection
	GlobalSection(SolutionProperties) = preSolution
		HideSolutionNode = FALSE
	EndGlobalSection
EndGlobal
